
Microsoft Visual Studio Solution File, Format Version 12.00
# Visual Studio Version 17
VisualStudioVersion = 17.2.32616.157
MinimumVisualStudioVersion = 10.0.40219.1
Project("{FAE04EC0-301F-11D3-BF4B-00C04F79EFBC}") = "Refresher", "Refresher.csproj", "{2E929424-017A-42B0-8BCA-0B6C40D7653C}"
EndProject
Global
	GlobalSection(SolutionConfigurationPlatforms) = preSolution
		Debug|Any CPU = Debug|Any CPU
		Release|Any CPU = Release|Any CPU
	EndGlobalSection
	GlobalSection(ProjectConfigurationPlatforms) = postSolution
		{2E929424-017A-42B0-8BCA-0B6C40D7653C}.Debug|Any CPU.ActiveCfg = Debug|Any CPU
		{2E929424-017A-42B0-8BCA-0B6C40D7653C}.Debug|Any CPU.Build.0 = Debug|Any CPU
		{2E929424-017A-42B0-8BCA-0B6C40D7653C}.Release|Any CPU.ActiveCfg = Release|Any CPU
		{2E929424-017A-42B0-8BCA-0B6C40D7653C}.Release|Any CPU.Build.0 = Release|Any CPU
	EndGlobalSection
	GlobalSection(SolutionProperties) = preSolution
		HideSolutionNode = FALSE
	EndGlobalSection
	GlobalSection(ExtensibilityGlobals) = postSolution
		SolutionGuid = {5BC1BC78-484A-4371-ACD1-2057149CDFDD}
	EndGlobalSection
EndGlobal
